{
  "name": "mercadopago-spike",
  "version": "1.0.0",
  "lockfileVersion": 3,
  "requires": true,
  "packages": {
    "": {
      "name": "mercadopago-spike",
      "version": "1.0.0",
      "dependencies": {
        "mercadopago": "^3.4.0"
      }
    },
    "node_modules/mercadopago": {
      "version": "3.4.0",
      "resolved": "https://registry.npmjs.org/mercadopago/-/mercadopago-3.4.0.tgz",
      "integrity": "sha512-oMbjrD4Y+JA8tj3Vc4BdGAMGGtL5lqqypUb5WPhIMI2X47R8JlE76W3sQ8kfq0wIROxi5gaxCHT/3Ojm4MjTOA==",
      "engines": {
        "node": ">=18"
      }
    }
  }
}
